
Microsoft Visual Studio Solution File, Format Version 12.00
# Visual Studio Version 17
VisualStudioVersion = 17.11.35312.102
MinimumVisualStudioVersion = 10.0.40219.1
Project("{FAE04EC0-301F-11D3-BF4B-00C04F79EFBC}") = "Ol.ProxyHealthChecker", "Ol.ProxyHealthChecker\Ol.ProxyHealthChecker.csproj", "{7210A029-67EE-4048-8BC1-FE1374F428D2}"
EndProject
Global
	GlobalSection(SolutionConfigurationPlatforms) = preSolution
		Debug|Any CPU = Debug|Any CPU
		Release|Any CPU = Release|Any CPU
	EndGlobalSection
	GlobalSection(ProjectConfigurationPlatforms) = postSolution
		{7210A029-67EE-4048-8BC1-FE1374F428D2}.Debug|Any CPU.ActiveCfg = Debug|Any CPU
		{7210A029-67EE-4048-8BC1-FE1374F428D2}.Debug|Any CPU.Build.0 = Debug|Any CPU
		{7210A029-67EE-4048-8BC1-FE1374F428D2}.Release|Any CPU.ActiveCfg = Release|Any CPU
		{7210A029-67EE-4048-8BC1-FE1374F428D2}.Release|Any CPU.Build.0 = Release|Any CPU
	EndGlobalSection
	GlobalSection(SolutionProperties) = preSolution
		HideSolutionNode = FALSE
	EndGlobalSection
	GlobalSection(ExtensibilityGlobals) = postSolution
		SolutionGuid = {FCECBA70-AE21-4A6C-8188-02034BA7B0F7}
	EndGlobalSection
EndGlobal
